
Microsoft Visual Studio Solution File, Format Version 12.00
# Visual Studio Version 16
VisualStudioVersion = 16.0.30611.23
MinimumVisualStudioVersion = 10.0.40219.1
Project("{FAE04EC0-301F-11D3-BF4B-00C04F79EFBC}") = "MaisUmaTentativaClient", "MaisUmaTentativaClient\MaisUmaTentativaClient.csproj", "{AC0792D4-5E90-4094-8214-ED7FE98948C8}"
EndProject
Global
	GlobalSection(SolutionConfigurationPlatforms) = preSolution
		Debug|Any CPU = Debug|Any CPU
		Release|Any CPU = Release|Any CPU
	EndGlobalSection
	GlobalSection(ProjectConfigurationPlatforms) = postSolution
		{AC0792D4-5E90-4094-8214-ED7FE98948C8}.Debug|Any CPU.ActiveCfg = Debug|Any CPU
		{AC0792D4-5E90-4094-8214-ED7FE98948C8}.Debug|Any CPU.Build.0 = Debug|Any CPU
		{AC0792D4-5E90-4094-8214-ED7FE98948C8}.Release|Any CPU.ActiveCfg = Release|Any CPU
		{AC0792D4-5E90-4094-8214-ED7FE98948C8}.Release|Any CPU.Build.0 = Release|Any CPU
	EndGlobalSection
	GlobalSection(SolutionProperties) = preSolution
		HideSolutionNode = FALSE
	EndGlobalSection
	GlobalSection(ExtensibilityGlobals) = postSolution
		SolutionGuid = {6EC0FABE-B155-43A8-B8F7-799B4D08DF7F}
	EndGlobalSection
EndGlobal
